
Microsoft Visual Studio Solution File, Format Version 12.00
# Visual Studio Version 16
VisualStudioVersion = 16.0.31702.278
MinimumVisualStudioVersion = 10.0.40219.1
Project("{9A19103F-16F7-4668-BE54-9A1E7A4F7556}") = "WebCrawler", "Crawler\WebCrawler.csproj", "{CFC5E3EF-3240-4EE2-92C5-65B833310794}"
EndProject
Project("{9A19103F-16F7-4668-BE54-9A1E7A4F7556}") = "WebCrawler.Test", "WebCrawler.Test\WebCrawler.Test.csproj", "{10596BEC-E926-4C7D-BECC-507C91B9F8AD}"
EndProject
Global
	GlobalSection(SolutionConfigurationPlatforms) = preSolution
		Debug|Any CPU = Debug|Any CPU
		Release|Any CPU = Release|Any CPU
	EndGlobalSection
	GlobalSection(ProjectConfigurationPlatforms) = postSolution
		{CFC5E3EF-3240-4EE2-92C5-65B833310794}.Debug|Any CPU.ActiveCfg = Debug|Any CPU
		{CFC5E3EF-3240-4EE2-92C5-65B833310794}.Debug|Any CPU.Build.0 = Debug|Any CPU
		{CFC5E3EF-3240-4EE2-92C5-65B833310794}.Release|Any CPU.ActiveCfg = Release|Any CPU
		{CFC5E3EF-3240-4EE2-92C5-65B833310794}.Release|Any CPU.Build.0 = Release|Any CPU
		{10596BEC-E926-4C7D-BECC-507C91B9F8AD}.Debug|Any CPU.ActiveCfg = Debug|Any CPU
		{10596BEC-E926-4C7D-BECC-507C91B9F8AD}.Debug|Any CPU.Build.0 = Debug|Any CPU
		{10596BEC-E926-4C7D-BECC-507C91B9F8AD}.Release|Any CPU.ActiveCfg = Release|Any CPU
		{10596BEC-E926-4C7D-BECC-507C91B9F8AD}.Release|Any CPU.Build.0 = Release|Any CPU
	EndGlobalSection
	GlobalSection(SolutionProperties) = preSolution
		HideSolutionNode = FALSE
	EndGlobalSection
	GlobalSection(ExtensibilityGlobals) = postSolution
		SolutionGuid = {34275497-9371-43E6-B28B-780F7E2B4050}
	EndGlobalSection
EndGlobal
